// !$*UTF8*$!
{
	archiveVersion = 1;
	classes = {
	};
	objectVersion = 56;
	objects = {

/* Begin PBXBuildFile section */
		6CBE97382CA16D0A00E27F29 /* AppDelegate.swift in Sources */ = {isa = PBXBuildFile; fileRef = 6CBE97372CA16D0A00E27F29 /* AppDelegate.swift */; };
		6CBE973A2CA16D0A00E27F29 /* SceneDelegate.swift in Sources */ = {isa = PBXBuildFile; fileRef = 6CBE97392CA16D0A00E27F29 /* SceneDelegate.swift */; };
		6CBE973C2CA16D0A00E27F29 /* ListViewController.swift in Sources */ = {isa = PBXBuildFile; fileRef = 6CBE973B2CA16D0A00E27F29 /* ListViewController.swift */; };
		6CBE973F2CA16D0A00E27F29 /* Base in Resources */ = {isa = PBXBuildFile; fileRef = 6CBE973E2CA16D0A00E27F29 /* Base */; };
		6CBE97412CA16D0B00E27F29 /* Assets.xcassets in Resources */ = {isa = PBXBuildFile; fileRef = 6CBE97402CA16D0B00E27F29 /* Assets.xcassets */; };
		6CBE97442CA16D0B00E27F29 /* Base in Resources */ = {isa = PBXBuildFile; fileRef = 6CBE97432CA16D0B00E27F29 /* Base */; };
		6CBE974C2CA16F0900E27F29 /* Recipe.swift in Sources */ = {isa = PBXBuildFile; fileRef = 6CBE974B2CA16F0900E27F29 /* Recipe.swift */; };
		6CBE974E2CA1727000E27F29 /* RecipeViewCell.swift in Sources */ = {isa = PBXBuildFile; fileRef = 6CBE974D2CA1727000E27F29 /* RecipeViewCell.swift */; };
		6CBE97502CA1773E00E27F29 /* UIImageViewExtension.swift in Sources */ = {isa = PBXBuildFile; fileRef = 6CBE974F2CA1773E00E27F29 /* UIImageViewExtension.swift */; };
		6CBE97522CA1799A00E27F29 /* DetailViewController.swift in Sources */ = {isa = PBXBuildFile; fileRef = 6CBE97512CA1799A00E27F29 /* DetailViewController.swift */; };
/* End PBXBuildFile section */

/* Begin PBXFileReference section */
		6CBE97342CA16D0A00E27F29 /* Repaso Examen.app */ = {isa = PBXFileReference; explicitFileType = wrapper.application; includeInIndex = 0; path = "Repaso Examen.app"; sourceTree = BUILT_PRODUCTS_DIR; };
		6CBE97372CA16D0A00E27F29 /* AppDelegate.swift */ = {isa = PBXFileReference; lastKnownFileType = sourcecode.swift; path = AppDelegate.swift; sourceTree = "<group>"; };
		6CBE97392CA16D0A00E27F29 /* SceneDelegate.swift */ = {isa = PBXFileReference; lastKnownFileType = sourcecode.swift; path = SceneDelegate.swift; sourceTree = "<group>"; };
		6CBE973B2CA16D0A00E27F29 /* ListViewController.swift */ = {isa = PBXFileReference; lastKnownFileType = sourcecode.swift; path = ListViewController.swift; sourceTree = "<group>"; };
		6CBE973E2CA16D0A00E27F29 /* Base */ = {isa = PBXFileReference; lastKnownFileType = file.storyboard; name = Base; path = Base.lproj/Main.storyboard; sourceTree = "<group>"; };
		6CBE97402CA16D0B00E27F29 /* Assets.xcassets */ = {isa = PBXFileReference; lastKnownFileType = folder.assetcatalog; path = Assets.xcassets; sourceTree = "<group>"; };
		6CBE97432CA16D0B00E27F29 /* Base */ = {isa = PBXFileReference; lastKnownFileType = file.storyboard; name = Base; path = Base.lproj/LaunchScreen.storyboard; sourceTree = "<group>"; };
		6CBE97452CA16D0B00E27F29 /* Info.plist */ = {isa = PBXFileReference; lastKnownFileType = text.plist.xml; path = Info.plist; sourceTree = "<group>"; };
		6CBE974B2CA16F0900E27F29 /* Recipe.swift */ = {isa = PBXFileReference; lastKnownFileType = sourcecode.swift; path = Recipe.swift; sourceTree = "<group>"; };
		6CBE974D2CA1727000E27F29 /* RecipeViewCell.swift */ = {isa = PBXFileReference; lastKnownFileType = sourcecode.swift; path = RecipeViewCell.swift; sourceTree = "<group>"; };
		6CBE974F2CA1773E00E27F29 /* UIImageViewExtension.swift */ = {isa = PBXFileReference; lastKnownFileType = sourcecode.swift; path = UIImageViewExtension.swift; sourceTree = "<group>"; };
		6CBE97512CA1799A00E27F29 /* DetailViewController.swift */ = {isa = PBXFileReference; lastKnownFileType = sourcecode.swift; path = DetailViewController.swift; sourceTree = "<group>"; };
/* End PBXFileReference section */

/* Begin PBXFrameworksBuildPhase section */
		6CBE97312CA16D0A00E27F29 /* Frameworks */ = {
			isa = PBXFrameworksBuildPhase;
			buildActionMask = 2147483647;
			files = (
			);
			runOnlyForDeploymentPostprocessing = 0;
		};
/* End PBXFrameworksBuildPhase section */

/* Begin PBXGroup section */
		6CBE972B2CA16D0A00E27F29 = {
			isa = PBXGroup;
			children = (
				6CBE97362CA16D0A00E27F29 /* Repaso Examen */,
				6CBE97352CA16D0A00E27F29 /* Products */,
			);
			sourceTree = "<group>";
		};
		6CBE97352CA16D0A00E27F29 /* Products */ = {
			isa = PBXGroup;
			children = (
				6CBE97342CA16D0A00E27F29 /* Repaso Examen.app */,
			);
			name = Products;
			sourceTree = "<group>";
		};
		6CBE97362CA16D0A00E27F29 /* Repaso Examen */ = {
			isa = PBXGroup;
			children = (
				6CBE97562CA18A1400E27F29 /* ViewCells */,
				6CBE97552CA18A0C00E27F29 /* Utils */,
				6CBE97542CA18A0300E27F29 /* Data */,
				6CBE97532CA189E800E27F29 /* ViewControllers */,
				6CBE97372CA16D0A00E27F29 /* AppDelegate.swift */,
				6CBE97392CA16D0A00E27F29 /* SceneDelegate.swift */,
				6CBE973D2CA16D0A00E27F29 /* Main.storyboard */,
				6CBE97402CA16D0B00E27F29 /* Assets.xcassets */,
				6CBE97422CA16D0B00E27F29 /* LaunchScreen.storyboard */,
				6CBE97452CA16D0B00E27F29 /* Info.plist */,
			);
			path = "Repaso Examen";
			sourceTree = "<group>";
		};
		6CBE97532CA189E800E27F29 /* ViewControllers */ = {
			isa = PBXGroup;
			children = (
				6CBE973B2CA16D0A00E27F29 /* ListViewController.swift */,
				6CBE97512CA1799A00E27F29 /* DetailViewController.swift */,
			);
			path = ViewControllers;
			sourceTree = "<group>";
		};
		6CBE97542CA18A0300E27F29 /* Data */ = {
			isa = PBXGroup;
			children = (
				6CBE974B2CA16F0900E27F29 /* Recipe.swift */,
			);
			path = Data;
			sourceTree = "<group>";
		};
		6CBE97552CA18A0C00E27F29 /* Utils */ = {
			isa = PBXGroup;
			children = (
				6CBE974F2CA1773E00E27F29 /* UIImageViewExtension.swift */,
			);
			path = Utils;
			sourceTree = "<group>";
		};
		6CBE97562CA18A1400E27F29 /* ViewCells */ = {
			isa = PBXGroup;
			children = (
				6CBE974D2CA1727000E27F29 /* RecipeViewCell.swift */,
			);
			path = ViewCells;
			sourceTree = "<group>";
		};
/* End PBXGroup section */

/* Begin PBXNativeTarget section */
		6CBE97332CA16D0A00E27F29 /* Repaso Examen */ = {
			isa = PBXNativeTarget;
			buildConfigurationList = 6CBE97482CA16D0B00E27F29 /* Build configuration list for PBXNativeTarget "Repaso Examen" */;
			buildPhases = (
				6CBE97302CA16D0A00E27F29 /* Sources */,
				6CBE97312CA16D0A00E27F29 /* Frameworks */,
				6CBE97322CA16D0A00E27F29 /* Resources */,
			);
			buildRules = (
			);
			dependencies = (
			);
			name = "Repaso Examen";
			productName = "Repaso Examen";
			productReference = 6CBE97342CA16D0A00E27F29 /* Repaso Examen.app */;
			productType = "com.apple.product-type.application";
		};
/* End PBXNativeTarget section */

/* Begin PBXProject section */
		6CBE972C2CA16D0A00E27F29 /* Project object */ = {
			isa = PBXProject;
			attributes = {
				BuildIndependentTargetsInParallel = 1;
				LastSwiftUpdateCheck = 1540;
				LastUpgradeCheck = 1540;
				TargetAttributes = {
					6CBE97332CA16D0A00E27F29 = {
						CreatedOnToolsVersion = 15.4;
					};
				};
			};
			buildConfigurationList = 6CBE972F2CA16D0A00E27F29 /* Build configuration list for PBXProject "Repaso Examen" */;
			compatibilityVersion = "Xcode 14.0";
			developmentRegion = en;
			hasScannedForEncodings = 0;
			knownRegions = (
				en,
				Base,
			);
			mainGroup = 6CBE972B2CA16D0A00E27F29;
			productRefGroup = 6CBE97352CA16D0A00E27F29 /* Products */;
			projectDirPath = "";
			projectRoot = "";
			targets = (
				6CBE97332CA16D0A00E27F29 /* Repaso Examen */,
			);
		};
/* End PBXProject section */

/* Begin PBXResourcesBuildPhase section */
		6CBE97322CA16D0A00E27F29 /* Resources */ = {
			isa = PBXResourcesBuildPhase;
			buildActionMask = 2147483647;
			files = (
				6CBE97412CA16D0B00E27F29 /* Assets.xcassets in Resources */,
				6CBE97442CA16D0B00E27F29 /* Base in Resources */,
				6CBE973F2CA16D0A00E27F29 /* Base in Resources */,
			);
			runOnlyForDeploymentPostprocessing = 0;
		};
/* End PBXResourcesBuildPhase section */

/* Begin PBXSourcesBuildPhase section */
		6CBE97302CA16D0A00E27F29 /* Sources */ = {
			isa = PBXSourcesBuildPhase;
			buildActionMask = 2147483647;
			files = (
				6CBE974E2CA1727000E27F29 /* RecipeViewCell.swift in Sources */,
				6CBE973C2CA16D0A00E27F29 /* ListViewController.swift in Sources */,
				6CBE97502CA1773E00E27F29 /* UIImageViewExtension.swift in Sources */,
				6CBE97382CA16D0A00E27F29 /* AppDelegate.swift in Sources */,
				6CBE973A2CA16D0A00E27F29 /* SceneDelegate.swift in Sources */,
				6CBE974C2CA16F0900E27F29 /* Recipe.swift in Sources */,
				6CBE97522CA1799A00E27F29 /* DetailViewController.swift in Sources */,
			);
			runOnlyForDeploymentPostprocessing = 0;
		};
/* End PBXSourcesBuildPhase section */

/* Begin PBXVariantGroup section */
		6CBE973D2CA16D0A00E27F29 /* Main.storyboard */ = {
			isa = PBXVariantGroup;
			children = (
				6CBE973E2CA16D0A00E27F29 /* Base */,
			);
			name = Main.storyboard;
			sourceTree = "<group>";
		};
		6CBE97422CA16D0B00E27F29 /* LaunchScreen.storyboard */ = {
			isa = PBXVariantGroup;
			children = (
				6CBE97432CA16D0B00E27F29 /* Base */,
			);
			name = LaunchScreen.storyboard;
			sourceTree = "<group>";
		};
/* End PBXVariantGroup section */

/* Begin XCBuildConfiguration section */
		6CBE97462CA16D0B00E27F29 /* Debug */ = {
			isa = XCBuildConfiguration;
			buildSettings = {
				ALWAYS_SEARCH_USER_PATHS = NO;
				ASSETCATALOG_COMPILER_GENERATE_SWIFT_ASSET_SYMBOL_EXTENSIONS = YES;
				CLANG_ANALYZER_NONNULL = YES;
				CLANG_ANALYZER_NUMBER_OBJECT_CONVERSION = YES_AGGRESSIVE;
				CLANG_CXX_LANGUAGE_STANDARD = "gnu++20";
				CLANG_ENABLE_MODULES = YES;
				CLANG_ENABLE_OBJC_ARC = YES;
				CLANG_ENABLE_OBJC_WEAK = YES;
				CLANG_WARN_BLOCK_CAPTURE_AUTORELEASING = YES;
				CLANG_WARN_BOOL_CONVERSION = YES;
				CLANG_WARN_COMMA = YES;
				CLANG_WARN_CONSTANT_CONVERSION = YES;
				CLANG_WARN_DEPRECATED_OBJC_IMPLEMENTATIONS = YES;
				CLANG_WARN_DIRECT_OBJC_ISA_USAGE = YES_ERROR;
				CLANG_WARN_DOCUMENTATION_COMMENTS = YES;
				CLANG_WARN_EMPTY_BODY = YES;
				CLANG_WARN_ENUM_CONVERSION = YES;
				CLANG_WARN_INFINITE_RECURSION = YES;
				CLANG_WARN_INT_CONVERSION = YES;
				CLANG_WARN_NON_LITERAL_NULL_CONVERSION = YES;
				CLANG_WARN_OBJC_IMPLICIT_RETAIN_SELF = YES;
				CLANG_WARN_OBJC_LITERAL_CONVERSION = YES;
				CLANG_WARN_OBJC_ROOT_CLASS = YES_ERROR;
				CLANG_WARN_QUOTED_INCLUDE_IN_FRAMEWORK_HEADER = YES;
				CLANG_WARN_RANGE_LOOP_ANALYSIS = YES;
				CLANG_WARN_STRICT_PROTOTYPES = YES;
				CLANG_WARN_SUSPICIOUS_MOVE = YES;
				CLANG_WARN_UNGUARDED_AVAILABILITY = YES_AGGRESSIVE;
				CLANG_WARN_UNREACHABLE_CODE = YES;
				CLANG_WARN__DUPLICATE_METHOD_MATCH = YES;
				COPY_PHASE_STRIP = NO;
				DEBUG_INFORMATION_FORMAT = dwarf;
				ENABLE_STRICT_OBJC_MSGSEND = YES;
				ENABLE_TESTABILITY = YES;
				ENABLE_USER_SCRIPT_SANDBOXING = YES;
				GCC_C_LANGUAGE_STANDARD = gnu17;
				GCC_DYNAMIC_NO_PIC = NO;
				GCC_NO_COMMON_BLOCKS = YES;
				GCC_OPTIMIZATION_LEVEL = 0;
				GCC_PREPROCESSOR_DEFINITIONS = (
					"DEBUG=1",
					"$(inherited)",
				);
				GCC_WARN_64_TO_32_BIT_CONVERSION = YES;
				GCC_WARN_ABOUT_RETURN_TYPE = YES_ERROR;
				GCC_WARN_UNDECLARED_SELECTOR = YES;
				GCC_WARN_UNINITIALIZED_AUTOS = YES_AGGRESSIVE;
				GCC_WARN_UNUSED_FUNCTION = YES;
				GCC_WARN_UNUSED_VARIABLE = YES;
				IPHONEOS_DEPLOYMENT_TARGET = 17.5;
				LOCALIZATION_PREFERS_STRING_CATALOGS = YES;
				MTL_ENABLE_DEBUG_INFO = INCLUDE_SOURCE;
				MTL_FAST_MATH = YES;
				ONLY_ACTIVE_ARCH = YES;
				SDKROOT = iphoneos;
				SWIFT_ACTIVE_COMPILATION_CONDITIONS = "DEBUG $(inherited)";
				SWIFT_OPTIMIZATION_LEVEL = "-Onone";
			};
			name = Debug;
		};
		6CBE97472CA16D0B00E27F29 /* Release */ = {
			isa = XCBuildConfiguration;
			buildSettings = {
				ALWAYS_SEARCH_USER_PATHS = NO;
				ASSETCATALOG_COMPILER_GENERATE_SWIFT_ASSET_SYMBOL_EXTENSIONS = YES;
				CLANG_ANALYZER_NONNULL = YES;
				CLANG_ANALYZER_NUMBER_OBJECT_CONVERSION = YES_AGGRESSIVE;
				CLANG_CXX_LANGUAGE_STANDARD = "gnu++20";
				CLANG_ENABLE_MODULES = YES;
				CLANG_ENABLE_OBJC_ARC = YES;
				CLANG_ENABLE_OBJC_WEAK = YES;
				CLANG_WARN_BLOCK_CAPTURE_AUTORELEASING = YES;
				CLANG_WARN_BOOL_CONVERSION = YES;
				CLANG_WARN_COMMA = YES;
				CLANG_WARN_CONSTANT_CONVERSION = YES;
				CLANG_WARN_DEPRECATED_OBJC_IMPLEMENTATIONS = YES;
				CLANG_WARN_DIRECT_OBJC_ISA_USAGE = YES_ERROR;
				CLANG_WARN_DOCUMENTATION_COMMENTS = YES;
				CLANG_WARN_EMPTY_BODY = YES;
				CLANG_WARN_ENUM_CONVERSION = YES;
				CLANG_WARN_INFINITE_RECURSION = YES;
				CLANG_WARN_INT_CONVERSION = YES;
				CLANG_WARN_NON_LITERAL_NULL_CONVERSION = YES;
				CLANG_WARN_OBJC_IMPLICIT_RETAIN_SELF = YES;
				CLANG_WARN_OBJC_LITERAL_CONVERSION = YES;
				CLANG_WARN_OBJC_ROOT_CLASS = YES_ERROR;
				CLANG_WARN_QUOTED_INCLUDE_IN_FRAMEWORK_HEADER = YES;
				CLANG_WARN_RANGE_LOOP_ANALYSIS = YES;
				CLANG_WARN_STRICT_PROTOTYPES = YES;
				CLANG_WARN_SUSPICIOUS_MOVE = YES;
				CLANG_WARN_UNGUARDED_AVAILABILITY = YES_AGGRESSIVE;
				CLANG_WARN_UNREACHABLE_CODE = YES;
				CLANG_WARN__DUPLICATE_METHOD_MATCH = YES;
				COPY_PHASE_STRIP = NO;
				DEBUG_INFORMATION_FORMAT = "dwarf-with-dsym";
				ENABLE_NS_ASSERTIONS = NO;
				ENABLE_STRICT_OBJC_MSGSEND = YES;
				ENABLE_USER_SCRIPT_SANDBOXING = YES;
				GCC_C_LANGUAGE_STANDARD = gnu17;
				GCC_NO_COMMON_BLOCKS = YES;
				GCC_WARN_64_TO_32_BIT_CONVERSION = YES;
				GCC_WARN_ABOUT_RETURN_TYPE = YES_ERROR;
				GCC_WARN_UNDECLARED_SELECTOR = YES;
				GCC_WARN_UNINITIALIZED_AUTOS = YES_AGGRESSIVE;
				GCC_WARN_UNUSED_FUNCTION = YES;
				GCC_WARN_UNUSED_VARIABLE = YES;
				IPHONEOS_DEPLOYMENT_TARGET = 17.5;
				LOCALIZATION_PREFERS_STRING_CATALOGS = YES;
				MTL_ENABLE_DEBUG_INFO = NO;
				MTL_FAST_MATH = YES;
				SDKROOT = iphoneos;
				SWIFT_COMPILATION_MODE = wholemodule;
				VALIDATE_PRODUCT = YES;
			};
			name = Release;
		};
		6CBE97492CA16D0B00E27F29 /* Debug */ = {
			isa = XCBuildConfiguration;
			buildSettings = {
				ASSETCATALOG_COMPILER_APPICON_NAME = AppIcon;
				ASSETCATALOG_COMPILER_GLOBAL_ACCENT_COLOR_NAME = AccentColor;
				CODE_SIGN_STYLE = Automatic;
				CURRENT_PROJECT_VERSION = 1;
				GENERATE_INFOPLIST_FILE = YES;
				INFOPLIST_FILE = "Repaso Examen/Info.plist";
				INFOPLIST_KEY_UIApplicationSupportsIndirectInputEvents = YES;
				INFOPLIST_KEY_UILaunchStoryboardName = LaunchScreen;
				INFOPLIST_KEY_UIMainStoryboardFile = Main;
				INFOPLIST_KEY_UISupportedInterfaceOrientations_iPad = "UIInterfaceOrientationPortrait UIInterfaceOrientationPortraitUpsideDown UIInterfaceOrientationLandscapeLeft UIInterfaceOrientationLandscapeRight";
				INFOPLIST_KEY_UISupportedInterfaceOrientations_iPhone = "UIInterfaceOrientationPortrait UIInterfaceOrientationLandscapeLeft UIInterfaceOrientationLandscapeRight";
				LD_RUNPATH_SEARCH_PATHS = (
					"$(inherited)",
					"@executable_path/Frameworks",
				);
				MARKETING_VERSION = 1.0;
				PRODUCT_BUNDLE_IDENTIFIER = "com.example.Repaso-Examen";
				PRODUCT_NAME = "$(TARGET_NAME)";
				SWIFT_EMIT_LOC_STRINGS = YES;
				SWIFT_VERSION = 5.0;
				TARGETED_DEVICE_FAMILY = "1,2";
			};
			name = Debug;
		};
		6CBE974A2CA16D0B00E27F29 /* Release */ = {
			isa = XCBuildConfiguration;
			buildSettings = {
				ASSETCATALOG_COMPILER_APPICON_NAME = AppIcon;
				ASSETCATALOG_COMPILER_GLOBAL_ACCENT_COLOR_NAME = AccentColor;
				CODE_SIGN_STYLE = Automatic;
				CURRENT_PROJECT_VERSION = 1;
				GENERATE_INFOPLIST_FILE = YES;
				INFOPLIST_FILE = "Repaso Examen/Info.plist";
				INFOPLIST_KEY_UIApplicationSupportsIndirectInputEvents = YES;
				INFOPLIST_KEY_UILaunchStoryboardName = LaunchScreen;
				INFOPLIST_KEY_UIMainStoryboardFile = Main;
				INFOPLIST_KEY_UISupportedInterfaceOrientations_iPad = "UIInterfaceOrientationPortrait UIInterfaceOrientationPortraitUpsideDown UIInterfaceOrientationLandscapeLeft UIInterfaceOrientationLandscapeRight";
				INFOPLIST_KEY_UISupportedInterfaceOrientations_iPhone = "UIInterfaceOrientationPortrait UIInterfaceOrientationLandscapeLeft UIInterfaceOrientationLandscapeRight";
				LD_RUNPATH_SEARCH_PATHS = (
					"$(inherited)",
					"@executable_path/Frameworks",
				);
				MARKETING_VERSION = 1.0;
				PRODUCT_BUNDLE_IDENTIFIER = "com.example.Repaso-Examen";
				PRODUCT_NAME = "$(TARGET_NAME)";
				SWIFT_EMIT_LOC_STRINGS = YES;
				SWIFT_VERSION = 5.0;
				TARGETED_DEVICE_FAMILY = "1,2";
			};
			name = Release;
		};
/* End XCBuildConfiguration section */

/* Begin XCConfigurationList section */
		6CBE972F2CA16D0A00E27F29 /* Build configuration list for PBXProject "Repaso Examen" */ = {
			isa = XCConfigurationList;
			buildConfigurations = (
				6CBE97462CA16D0B00E27F29 /* Debug */,
				6CBE97472CA16D0B00E27F29 /* Release */,
			);
			defaultConfigurationIsVisible = 0;
			defaultConfigurationName = Release;
		};
		6CBE97482CA16D0B00E27F29 /* Build configuration list for PBXNativeTarget "Repaso Examen" */ = {
			isa = XCConfigurationList;
			buildConfigurations = (
				6CBE97492CA16D0B00E27F29 /* Debug */,
				6CBE974A2CA16D0B00E27F29 /* Release */,
			);
			defaultConfigurationIsVisible = 0;
			defaultConfigurationName = Release;
		};
/* End XCConfigurationList section */
	};
	rootObject = 6CBE972C2CA16D0A00E27F29 /* Project object */;
}
